
Microsoft Visual Studio Solution File, Format Version 12.00
# Visual Studio Version 16
VisualStudioVersion = 16.0.29306.81
MinimumVisualStudioVersion = 10.0.40219.1
Project("{FAE04EC0-301F-11D3-BF4B-00C04F79EFBC}") = "Map-API", "Map-API.csproj", "{98A70859-72DF-49FA-98E6-1184275A824A}"
EndProject
Global
	GlobalSection(SolutionConfigurationPlatforms) = preSolution
		Debug|Any CPU = Debug|Any CPU
		Release|Any CPU = Release|Any CPU
	EndGlobalSection
	GlobalSection(ProjectConfigurationPlatforms) = postSolution
		{98A70859-72DF-49FA-98E6-1184275A824A}.Debug|Any CPU.ActiveCfg = Debug|Any CPU
		{98A70859-72DF-49FA-98E6-1184275A824A}.Debug|Any CPU.Build.0 = Debug|Any CPU
		{98A70859-72DF-49FA-98E6-1184275A824A}.Release|Any CPU.ActiveCfg = Release|Any CPU
		{98A70859-72DF-49FA-98E6-1184275A824A}.Release|Any CPU.Build.0 = Release|Any CPU
	EndGlobalSection
	GlobalSection(SolutionProperties) = preSolution
		HideSolutionNode = FALSE
	EndGlobalSection
	GlobalSection(ExtensibilityGlobals) = postSolution
		SolutionGuid = {E7F88C6B-42EB-4427-AB8A-1515406B7899}
	EndGlobalSection
EndGlobal
